<Solution FileFormatVersion="12.00" VisualStudioVersion="17.0" MinimumVisualStudioVersion="10.0">
  <Solution>
    <Project Name="BooleanRulesEngine.Abstractions" Configuration="Debug|AnyCPU" Build="true" />
    <Project Name="BooleanRulesEngine.Abstractions" Configuration="Release|AnyCPU" Build="true" />
    <Project Name="BooleanRulesEngine" Configuration="Debug|AnyCPU" Build="true" />
    <Project Name="BooleanRulesEngine" Configuration="Release|AnyCPU" Build="true" />
    <Project Name="BooleanRulesEngine.Yaml" Configuration="Debug|AnyCPU" Build="true" />
    <Project Name="BooleanRulesEngine.Yaml" Configuration="Release|AnyCPU" Build="true" />
    <Project Name="BooleanRulesEngine.Predicates" Configuration="Debug|AnyCPU" Build="true" />
    <Project Name="BooleanRulesEngine.Predicates" Configuration="Release|AnyCPU" Build="true" />
    <Project Name="BooleanRulesEngine.Testing" Configuration="Debug|AnyCPU" Build="true" />
    <Project Name="BooleanRulesEngine.Testing" Configuration="Release|AnyCPU" Build="true" />
    <Project Name="BooleanRulesEngine.Tests" Configuration="Debug|AnyCPU" Build="true" />
    <Project Name="BooleanRulesEngine.Tests" Configuration="Release|AnyCPU" Build="true" />
    <Project Name="BooleanRulesEngine.Predicates.Tests" Configuration="Debug|AnyCPU" Build="true" />
    <Project Name="BooleanRulesEngine.Predicates.Tests" Configuration="Release|AnyCPU" Build="true" />
    <Project Name="BooleanRulesEngine.Testing.Tests" Configuration="Debug|AnyCPU" Build="true" />
    <Project Name="BooleanRulesEngine.Testing.Tests" Configuration="Release|AnyCPU" Build="true" />
  </Solution>
  <Project Path="src\BooleanRulesEngine.Abstractions\BooleanRulesEngine.Abstractions.csproj" />
  <Project Path="src\BooleanRulesEngine\BooleanRulesEngine.csproj" />
  <Project Path="src\BooleanRulesEngine.Yaml\BooleanRulesEngine.Yaml.csproj" />
  <Project Path="src\BooleanRulesEngine.Predicates\BooleanRulesEngine.Predicates.csproj" />
  <Project Path="src\BooleanRulesEngine.Testing\BooleanRulesEngine.Testing.csproj" />
  <Project Path="tests\BooleanRulesEngine.Tests\BooleanRulesEngine.Tests.csproj" />
  <Project Path="tests\BooleanRulesEngine.Predicates.Tests\BooleanRulesEngine.Predicates.Tests.csproj" />
  <Project Path="tests\BooleanRulesEngine.Testing.Tests\BooleanRulesEngine.Testing.Tests.csproj" />
</Solution>
